// !$*UTF8*$!
{
	archiveVersion = 1;
	classes = {
	};
	objectVersion = 50;
	objects = {

/* Begin PBXBuildFile section */
		4539DAFC2439BD1600BE0B52 /* AppDelegate.swift in Sources */ = {isa = PBXBuildFile; fileRef = 4539DAFB2439BD1600BE0B52 /* AppDelegate.swift */; };
		4539DAFE2439BD1600BE0B52 /* SceneDelegate.swift in Sources */ = {isa = PBXBuildFile; fileRef = 4539DAFD2439BD1600BE0B52 /* SceneDelegate.swift */; };
		4539DB002439BD1600BE0B52 /* ViewController.swift in Sources */ = {isa = PBXBuildFile; fileRef = 4539DAFF2439BD1600BE0B52 /* ViewController.swift */; };
		4539DB032439BD1600BE0B52 /* Main.storyboard in Resources */ = {isa = PBXBuildFile; fileRef = 4539DB012439BD1600BE0B52 /* Main.storyboard */; };
		4539DB052439BD1900BE0B52 /* Assets.xcassets in Resources */ = {isa = PBXBuildFile; fileRef = 4539DB042439BD1900BE0B52 /* Assets.xcassets */; };
		4539DB082439BD1900BE0B52 /* LaunchScreen.storyboard in Resources */ = {isa = PBXBuildFile; fileRef = 4539DB062439BD1900BE0B52 /* LaunchScreen.storyboard */; };
		4539DB122439BFA300BE0B52 /* CardViewController.swift in Sources */ = {isa = PBXBuildFile; fileRef = 4539DB102439BFA300BE0B52 /* CardViewController.swift */; };
		4539DB132439BFA300BE0B52 /* CardViewController.xib in Resources */ = {isa = PBXBuildFile; fileRef = 4539DB112439BFA300BE0B52 /* CardViewController.xib */; };
		4539DB152439CD2C00BE0B52 /* PresentAnimator.swift in Sources */ = {isa = PBXBuildFile; fileRef = 4539DB142439CD2C00BE0B52 /* PresentAnimator.swift */; };
		4539DB172439CD4000BE0B52 /* DismissAnimator.swift in Sources */ = {isa = PBXBuildFile; fileRef = 4539DB162439CD4000BE0B52 /* DismissAnimator.swift */; };
		4539DB1A2439F44A00BE0B52 /* ContentViewController.swift in Sources */ = {isa = PBXBuildFile; fileRef = 4539DB182439F44A00BE0B52 /* ContentViewController.swift */; };
		4539DB1B2439F44A00BE0B52 /* ContentViewController.xib in Resources */ = {isa = PBXBuildFile; fileRef = 4539DB192439F44A00BE0B52 /* ContentViewController.xib */; };
		4539DB1D243A06CA00BE0B52 /* TransitionInteractor.swift in Sources */ = {isa = PBXBuildFile; fileRef = 4539DB1C243A06CA00BE0B52 /* TransitionInteractor.swift */; };
/* End PBXBuildFile section */

/* Begin PBXFileReference section */
		4539DAF82439BD1600BE0B52 /* CardViewController-Sample.app */ = {isa = PBXFileReference; explicitFileType = wrapper.application; includeInIndex = 0; path = "CardViewController-Sample.app"; sourceTree = BUILT_PRODUCTS_DIR; };
		4539DAFB2439BD1600BE0B52 /* AppDelegate.swift */ = {isa = PBXFileReference; lastKnownFileType = sourcecode.swift; path = AppDelegate.swift; sourceTree = "<group>"; };
		4539DAFD2439BD1600BE0B52 /* SceneDelegate.swift */ = {isa = PBXFileReference; lastKnownFileType = sourcecode.swift; path = SceneDelegate.swift; sourceTree = "<group>"; };
		4539DAFF2439BD1600BE0B52 /* ViewController.swift */ = {isa = PBXFileReference; lastKnownFileType = sourcecode.swift; path = ViewController.swift; sourceTree = "<group>"; };
		4539DB022439BD1600BE0B52 /* Base */ = {isa = PBXFileReference; lastKnownFileType = file.storyboard; name = Base; path = Base.lproj/Main.storyboard; sourceTree = "<group>"; };
		4539DB042439BD1900BE0B52 /* Assets.xcassets */ = {isa = PBXFileReference; lastKnownFileType = folder.assetcatalog; path = Assets.xcassets; sourceTree = "<group>"; };
		4539DB072439BD1900BE0B52 /* Base */ = {isa = PBXFileReference; lastKnownFileType = file.storyboard; name = Base; path = Base.lproj/LaunchScreen.storyboard; sourceTree = "<group>"; };
		4539DB092439BD1900BE0B52 /* Info.plist */ = {isa = PBXFileReference; lastKnownFileType = text.plist.xml; path = Info.plist; sourceTree = "<group>"; };
		4539DB102439BFA300BE0B52 /* CardViewController.swift */ = {isa = PBXFileReference; lastKnownFileType = sourcecode.swift; path = CardViewController.swift; sourceTree = "<group>"; };
		4539DB112439BFA300BE0B52 /* CardViewController.xib */ = {isa = PBXFileReference; lastKnownFileType = file.xib; path = CardViewController.xib; sourceTree = "<group>"; };
		4539DB142439CD2C00BE0B52 /* PresentAnimator.swift */ = {isa = PBXFileReference; lastKnownFileType = sourcecode.swift; path = PresentAnimator.swift; sourceTree = "<group>"; };
		4539DB162439CD4000BE0B52 /* DismissAnimator.swift */ = {isa = PBXFileReference; lastKnownFileType = sourcecode.swift; path = DismissAnimator.swift; sourceTree = "<group>"; };
		4539DB182439F44A00BE0B52 /* ContentViewController.swift */ = {isa = PBXFileReference; lastKnownFileType = sourcecode.swift; path = ContentViewController.swift; sourceTree = "<group>"; };
		4539DB192439F44A00BE0B52 /* ContentViewController.xib */ = {isa = PBXFileReference; lastKnownFileType = file.xib; path = ContentViewController.xib; sourceTree = "<group>"; };
		4539DB1C243A06CA00BE0B52 /* TransitionInteractor.swift */ = {isa = PBXFileReference; lastKnownFileType = sourcecode.swift; path = TransitionInteractor.swift; sourceTree = "<group>"; };
/* End PBXFileReference section */

/* Begin PBXFrameworksBuildPhase section */
		4539DAF52439BD1600BE0B52 /* Frameworks */ = {
			isa = PBXFrameworksBuildPhase;
			buildActionMask = 2147483647;
			files = (
			);
			runOnlyForDeploymentPostprocessing = 0;
		};
/* End PBXFrameworksBuildPhase section */

/* Begin PBXGroup section */
		4539DAEF2439BD1600BE0B52 = {
			isa = PBXGroup;
			children = (
				4539DAFA2439BD1600BE0B52 /* CardViewController-Sample */,
				4539DAF92439BD1600BE0B52 /* Products */,
			);
			sourceTree = "<group>";
		};
		4539DAF92439BD1600BE0B52 /* Products */ = {
			isa = PBXGroup;
			children = (
				4539DAF82439BD1600BE0B52 /* CardViewController-Sample.app */,
			);
			name = Products;
			sourceTree = "<group>";
		};
		4539DAFA2439BD1600BE0B52 /* CardViewController-Sample */ = {
			isa = PBXGroup;
			children = (
				4539DB0F2439BF7E00BE0B52 /* CardViewController */,
				4539DAFB2439BD1600BE0B52 /* AppDelegate.swift */,
				4539DAFD2439BD1600BE0B52 /* SceneDelegate.swift */,
				4539DAFF2439BD1600BE0B52 /* ViewController.swift */,
				4539DB012439BD1600BE0B52 /* Main.storyboard */,
				4539DB042439BD1900BE0B52 /* Assets.xcassets */,
				4539DB062439BD1900BE0B52 /* LaunchScreen.storyboard */,
				4539DB092439BD1900BE0B52 /* Info.plist */,
				4539DB182439F44A00BE0B52 /* ContentViewController.swift */,
				4539DB192439F44A00BE0B52 /* ContentViewController.xib */,
			);
			path = "CardViewController-Sample";
			sourceTree = "<group>";
		};
		4539DB0F2439BF7E00BE0B52 /* CardViewController */ = {
			isa = PBXGroup;
			children = (
				4539DB102439BFA300BE0B52 /* CardViewController.swift */,
				4539DB112439BFA300BE0B52 /* CardViewController.xib */,
				4539DB142439CD2C00BE0B52 /* PresentAnimator.swift */,
				4539DB162439CD4000BE0B52 /* DismissAnimator.swift */,
				4539DB1C243A06CA00BE0B52 /* TransitionInteractor.swift */,
			);
			path = CardViewController;
			sourceTree = "<group>";
		};
/* End PBXGroup section */

/* Begin PBXNativeTarget section */
		4539DAF72439BD1600BE0B52 /* CardViewController-Sample */ = {
			isa = PBXNativeTarget;
			buildConfigurationList = 4539DB0C2439BD1900BE0B52 /* Build configuration list for PBXNativeTarget "CardViewController-Sample" */;
			buildPhases = (
				4539DAF42439BD1600BE0B52 /* Sources */,
				4539DAF52439BD1600BE0B52 /* Frameworks */,
				4539DAF62439BD1600BE0B52 /* Resources */,
			);
			buildRules = (
			);
			dependencies = (
			);
			name = "CardViewController-Sample";
			productName = "CardViewController-Sample";
			productReference = 4539DAF82439BD1600BE0B52 /* CardViewController-Sample.app */;
			productType = "com.apple.product-type.application";
		};
/* End PBXNativeTarget section */

/* Begin PBXProject section */
		4539DAF02439BD1600BE0B52 /* Project object */ = {
			isa = PBXProject;
			attributes = {
				LastSwiftUpdateCheck = 1140;
				LastUpgradeCheck = 1140;
				ORGANIZATIONNAME = kawaharadai;
				TargetAttributes = {
					4539DAF72439BD1600BE0B52 = {
						CreatedOnToolsVersion = 11.4;
					};
				};
			};
			buildConfigurationList = 4539DAF32439BD1600BE0B52 /* Build configuration list for PBXProject "CardViewController-Sample" */;
			compatibilityVersion = "Xcode 9.3";
			developmentRegion = en;
			hasScannedForEncodings = 0;
			knownRegions = (
				en,
				Base,
			);
			mainGroup = 4539DAEF2439BD1600BE0B52;
			productRefGroup = 4539DAF92439BD1600BE0B52 /* Products */;
			projectDirPath = "";
			projectRoot = "";
			targets = (
				4539DAF72439BD1600BE0B52 /* CardViewController-Sample */,
			);
		};
/* End PBXProject section */

/* Begin PBXResourcesBuildPhase section */
		4539DAF62439BD1600BE0B52 /* Resources */ = {
			isa = PBXResourcesBuildPhase;
			buildActionMask = 2147483647;
			files = (
				4539DB1B2439F44A00BE0B52 /* ContentViewController.xib in Resources */,
				4539DB132439BFA300BE0B52 /* CardViewController.xib in Resources */,
				4539DB082439BD1900BE0B52 /* LaunchScreen.storyboard in Resources */,
				4539DB052439BD1900BE0B52 /* Assets.xcassets in Resources */,
				4539DB032439BD1600BE0B52 /* Main.storyboard in Resources */,
			);
			runOnlyForDeploymentPostprocessing = 0;
		};
/* End PBXResourcesBuildPhase section */

/* Begin PBXSourcesBuildPhase section */
		4539DAF42439BD1600BE0B52 /* Sources */ = {
			isa = PBXSourcesBuildPhase;
			buildActionMask = 2147483647;
			files = (
				4539DB122439BFA300BE0B52 /* CardViewController.swift in Sources */,
				4539DB172439CD4000BE0B52 /* DismissAnimator.swift in Sources */,
				4539DB152439CD2C00BE0B52 /* PresentAnimator.swift in Sources */,
				4539DB1D243A06CA00BE0B52 /* TransitionInteractor.swift in Sources */,
				4539DB002439BD1600BE0B52 /* ViewController.swift in Sources */,
				4539DAFC2439BD1600BE0B52 /* AppDelegate.swift in Sources */,
				4539DAFE2439BD1600BE0B52 /* SceneDelegate.swift in Sources */,
				4539DB1A2439F44A00BE0B52 /* ContentViewController.swift in Sources */,
			);
			runOnlyForDeploymentPostprocessing = 0;
		};
/* End PBXSourcesBuildPhase section */

/* Begin PBXVariantGroup section */
		4539DB012439BD1600BE0B52 /* Main.storyboard */ = {
			isa = PBXVariantGroup;
			children = (
				4539DB022439BD1600BE0B52 /* Base */,
			);
			name = Main.storyboard;
			sourceTree = "<group>";
		};
		4539DB062439BD1900BE0B52 /* LaunchScreen.storyboard */ = {
			isa = PBXVariantGroup;
			children = (
				4539DB072439BD1900BE0B52 /* Base */,
			);
			name = LaunchScreen.storyboard;
			sourceTree = "<group>";
		};
/* End PBXVariantGroup section */

/* Begin XCBuildConfiguration section */
		4539DB0A2439BD1900BE0B52 /* Debug */ = {
			isa = XCBuildConfiguration;
			buildSettings = {
				ALWAYS_SEARCH_USER_PATHS = NO;
				CLANG_ANALYZER_NONNULL = YES;
				CLANG_ANALYZER_NUMBER_OBJECT_CONVERSION = YES_AGGRESSIVE;
				CLANG_CXX_LANGUAGE_STANDARD = "gnu++14";
				CLANG_CXX_LIBRARY = "libc++";
				CLANG_ENABLE_MODULES = YES;
				CLANG_ENABLE_OBJC_ARC = YES;
				CLANG_ENABLE_OBJC_WEAK = YES;
				CLANG_WARN_BLOCK_CAPTURE_AUTORELEASING = YES;
				CLANG_WARN_BOOL_CONVERSION = YES;
				CLANG_WARN_COMMA = YES;
				CLANG_WARN_CONSTANT_CONVERSION = YES;
				CLANG_WARN_DEPRECATED_OBJC_IMPLEMENTATIONS = YES;
				CLANG_WARN_DIRECT_OBJC_ISA_USAGE = YES_ERROR;
				CLANG_WARN_DOCUMENTATION_COMMENTS = YES;
				CLANG_WARN_EMPTY_BODY = YES;
				CLANG_WARN_ENUM_CONVERSION = YES;
				CLANG_WARN_INFINITE_RECURSION = YES;
				CLANG_WARN_INT_CONVERSION = YES;
				CLANG_WARN_NON_LITERAL_NULL_CONVERSION = YES;
				CLANG_WARN_OBJC_IMPLICIT_RETAIN_SELF = YES;
				CLANG_WARN_OBJC_LITERAL_CONVERSION = YES;
				CLANG_WARN_OBJC_ROOT_CLASS = YES_ERROR;
				CLANG_WARN_RANGE_LOOP_ANALYSIS = YES;
				CLANG_WARN_STRICT_PROTOTYPES = YES;
				CLANG_WARN_SUSPICIOUS_MOVE = YES;
				CLANG_WARN_UNGUARDED_AVAILABILITY = YES_AGGRESSIVE;
				CLANG_WARN_UNREACHABLE_CODE = YES;
				CLANG_WARN__DUPLICATE_METHOD_MATCH = YES;
				COPY_PHASE_STRIP = NO;
				DEBUG_INFORMATION_FORMAT = dwarf;
				ENABLE_STRICT_OBJC_MSGSEND = YES;
				ENABLE_TESTABILITY = YES;
				GCC_C_LANGUAGE_STANDARD = gnu11;
				GCC_DYNAMIC_NO_PIC = NO;
				GCC_NO_COMMON_BLOCKS = YES;
				GCC_OPTIMIZATION_LEVEL = 0;
				GCC_PREPROCESSOR_DEFINITIONS = (
					"DEBUG=1",
					"$(inherited)",
				);
				GCC_WARN_64_TO_32_BIT_CONVERSION = YES;
				GCC_WARN_ABOUT_RETURN_TYPE = YES_ERROR;
				GCC_WARN_UNDECLARED_SELECTOR = YES;
				GCC_WARN_UNINITIALIZED_AUTOS = YES_AGGRESSIVE;
				GCC_WARN_UNUSED_FUNCTION = YES;
				GCC_WARN_UNUSED_VARIABLE = YES;
				IPHONEOS_DEPLOYMENT_TARGET = 13.4;
				MTL_ENABLE_DEBUG_INFO = INCLUDE_SOURCE;
				MTL_FAST_MATH = YES;
				ONLY_ACTIVE_ARCH = YES;
				SDKROOT = iphoneos;
				SWIFT_ACTIVE_COMPILATION_CONDITIONS = DEBUG;
				SWIFT_OPTIMIZATION_LEVEL = "-Onone";
			};
			name = Debug;
		};
		4539DB0B2439BD1900BE0B52 /* Release */ = {
			isa = XCBuildConfiguration;
			buildSettings = {
				ALWAYS_SEARCH_USER_PATHS = NO;
				CLANG_ANALYZER_NONNULL = YES;
				CLANG_ANALYZER_NUMBER_OBJECT_CONVERSION = YES_AGGRESSIVE;
				CLANG_CXX_LANGUAGE_STANDARD = "gnu++14";
				CLANG_CXX_LIBRARY = "libc++";
				CLANG_ENABLE_MODULES = YES;
				CLANG_ENABLE_OBJC_ARC = YES;
				CLANG_ENABLE_OBJC_WEAK = YES;
				CLANG_WARN_BLOCK_CAPTURE_AUTORELEASING = YES;
				CLANG_WARN_BOOL_CONVERSION = YES;
				CLANG_WARN_COMMA = YES;
				CLANG_WARN_CONSTANT_CONVERSION = YES;
				CLANG_WARN_DEPRECATED_OBJC_IMPLEMENTATIONS = YES;
				CLANG_WARN_DIRECT_OBJC_ISA_USAGE = YES_ERROR;
				CLANG_WARN_DOCUMENTATION_COMMENTS = YES;
				CLANG_WARN_EMPTY_BODY = YES;
				CLANG_WARN_ENUM_CONVERSION = YES;
				CLANG_WARN_INFINITE_RECURSION = YES;
				CLANG_WARN_INT_CONVERSION = YES;
				CLANG_WARN_NON_LITERAL_NULL_CONVERSION = YES;
				CLANG_WARN_OBJC_IMPLICIT_RETAIN_SELF = YES;
				CLANG_WARN_OBJC_LITERAL_CONVERSION = YES;
				CLANG_WARN_OBJC_ROOT_CLASS = YES_ERROR;
				CLANG_WARN_RANGE_LOOP_ANALYSIS = YES;
				CLANG_WARN_STRICT_PROTOTYPES = YES;
				CLANG_WARN_SUSPICIOUS_MOVE = YES;
				CLANG_WARN_UNGUARDED_AVAILABILITY = YES_AGGRESSIVE;
				CLANG_WARN_UNREACHABLE_CODE = YES;
				CLANG_WARN__DUPLICATE_METHOD_MATCH = YES;
				COPY_PHASE_STRIP = NO;
				DEBUG_INFORMATION_FORMAT = "dwarf-with-dsym";
				ENABLE_NS_ASSERTIONS = NO;
				ENABLE_STRICT_OBJC_MSGSEND = YES;
				GCC_C_LANGUAGE_STANDARD = gnu11;
				GCC_NO_COMMON_BLOCKS = YES;
				GCC_WARN_64_TO_32_BIT_CONVERSION = YES;
				GCC_WARN_ABOUT_RETURN_TYPE = YES_ERROR;
				GCC_WARN_UNDECLARED_SELECTOR = YES;
				GCC_WARN_UNINITIALIZED_AUTOS = YES_AGGRESSIVE;
				GCC_WARN_UNUSED_FUNCTION = YES;
				GCC_WARN_UNUSED_VARIABLE = YES;
				IPHONEOS_DEPLOYMENT_TARGET = 13.4;
				MTL_ENABLE_DEBUG_INFO = NO;
				MTL_FAST_MATH = YES;
				SDKROOT = iphoneos;
				SWIFT_COMPILATION_MODE = wholemodule;
				SWIFT_OPTIMIZATION_LEVEL = "-O";
				VALIDATE_PRODUCT = YES;
			};
			name = Release;
		};
		4539DB0D2439BD1900BE0B52 /* Debug */ = {
			isa = XCBuildConfiguration;
			buildSettings = {
				ASSETCATALOG_COMPILER_APPICON_NAME = AppIcon;
				CODE_SIGN_STYLE = Automatic;
				DEVELOPMENT_TEAM = LVR5UQEHBD;
				INFOPLIST_FILE = "CardViewController-Sample/Info.plist";
				LD_RUNPATH_SEARCH_PATHS = (
					"$(inherited)",
					"@executable_path/Frameworks",
				);
				PRODUCT_BUNDLE_IDENTIFIER = "com.kawahara.CardViewController-Sample";
				PRODUCT_NAME = "$(TARGET_NAME)";
				SWIFT_VERSION = 5.0;
				TARGETED_DEVICE_FAMILY = 1;
			};
			name = Debug;
		};
		4539DB0E2439BD1900BE0B52 /* Release */ = {
			isa = XCBuildConfiguration;
			buildSettings = {
				ASSETCATALOG_COMPILER_APPICON_NAME = AppIcon;
				CODE_SIGN_STYLE = Automatic;
				DEVELOPMENT_TEAM = LVR5UQEHBD;
				INFOPLIST_FILE = "CardViewController-Sample/Info.plist";
				LD_RUNPATH_SEARCH_PATHS = (
					"$(inherited)",
					"@executable_path/Frameworks",
				);
				PRODUCT_BUNDLE_IDENTIFIER = "com.kawahara.CardViewController-Sample";
				PRODUCT_NAME = "$(TARGET_NAME)";
				SWIFT_VERSION = 5.0;
				TARGETED_DEVICE_FAMILY = 1;
			};
			name = Release;
		};
/* End XCBuildConfiguration section */

/* Begin XCConfigurationList section */
		4539DAF32439BD1600BE0B52 /* Build configuration list for PBXProject "CardViewController-Sample" */ = {
			isa = XCConfigurationList;
			buildConfigurations = (
				4539DB0A2439BD1900BE0B52 /* Debug */,
				4539DB0B2439BD1900BE0B52 /* Release */,
			);
			defaultConfigurationIsVisible = 0;
			defaultConfigurationName = Release;
		};
		4539DB0C2439BD1900BE0B52 /* Build configuration list for PBXNativeTarget "CardViewController-Sample" */ = {
			isa = XCConfigurationList;
			buildConfigurations = (
				4539DB0D2439BD1900BE0B52 /* Debug */,
				4539DB0E2439BD1900BE0B52 /* Release */,
			);
			defaultConfigurationIsVisible = 0;
			defaultConfigurationName = Release;
		};
/* End XCConfigurationList section */
	};
	rootObject = 4539DAF02439BD1600BE0B52 /* Project object */;
}
